{
    "_readme": [
        "This file locks the dependencies of your project to a known state",
        "Read more about it at https://getcomposer.org/doc/01-basic-usage.md#installing-dependencies",
        "This file is @generated automatically"
    ],
    "content-hash": "70c6b4f6967bce74042e02b24bc781c5",
    "packages": [
        {
            "name": "shubham-gupta-16/laralite-core",
            "version": "dev-master",
            "source": {
                "type": "git",
                "url": "https://github.com/shubham-gupta-16/laralite-core.git",
                "reference": "8ed04495433a2cb7773960b388ab77d1265eb89b"
            },
            "dist": {
                "type": "zip",
                "url": "https://api.github.com/repos/shubham-gupta-16/laralite-core/zipball/8ed04495433a2cb7773960b388ab77d1265eb89b",
                "reference": "8ed04495433a2cb7773960b388ab77d1265eb89b",
                "shasum": ""
            },
            "default-branch": true,
            "type": "library",
            "autoload": {
                "psr-4": {
                    "ShubhamGupta16\\LaraliteCore\\": "src/",
                    "ShubhamGupta16\\LaraliteCore\\Types\\": "src/types/"
                }
            },
            "notification-url": "https://packagist.org/downloads/",
            "license": [
                "MIT"
            ],
            "authors": [
                {
                    "name": "Shubham Gupta"
                }
            ],
            "description": "The core files for a laralite project",
            "support": {
                "issues": "https://github.com/shubham-gupta-16/laralite-core/issues",
                "source": "https://github.com/shubham-gupta-16/laralite-core/tree/master"
            },
            "time": "2022-12-08T13:56:04+00:00"
        }
    ],
    "packages-dev": [],
    "aliases": [],
    "minimum-stability": "stable",
    "stability-flags": {
        "shubham-gupta-16/laralite-core": 20
    },
    "prefer-stable": false,
    "prefer-lowest": false,
    "platform": [],
    "platform-dev": [],
    "plugin-api-version": "2.3.0"
}
